
Microsoft Visual Studio Solution File, Format Version 12.00
# Visual Studio Version 16
VisualStudioVersion = 16.0.29403.142
MinimumVisualStudioVersion = 10.0.40219.1
Project("{FAE04EC0-301F-11D3-BF4B-00C04F79EFBC}") = "Lab5", "Lab5\Lab5.csproj", "{8494E3E2-33C5-49E0-AD33-CDC329A7FCF9}"
EndProject
Global
	GlobalSection(SolutionConfigurationPlatforms) = preSolution
		Debug|Any CPU = Debug|Any CPU
		Release|Any CPU = Release|Any CPU
	EndGlobalSection
	GlobalSection(ProjectConfigurationPlatforms) = postSolution
		{8494E3E2-33C5-49E0-AD33-CDC329A7FCF9}.Debug|Any CPU.ActiveCfg = Debug|Any CPU
		{8494E3E2-33C5-49E0-AD33-CDC329A7FCF9}.Debug|Any CPU.Build.0 = Debug|Any CPU
		{8494E3E2-33C5-49E0-AD33-CDC329A7FCF9}.Release|Any CPU.ActiveCfg = Release|Any CPU
		{8494E3E2-33C5-49E0-AD33-CDC329A7FCF9}.Release|Any CPU.Build.0 = Release|Any CPU
	EndGlobalSection
	GlobalSection(SolutionProperties) = preSolution
		HideSolutionNode = FALSE
	EndGlobalSection
	GlobalSection(ExtensibilityGlobals) = postSolution
		SolutionGuid = {005B57E3-3502-47AF-8EBF-4822F53F084E}
	EndGlobalSection
EndGlobal
